// !$*UTF8*$!
{
	archiveVersion = 1;
	classes = {
	};
	objectVersion = 56;
	objects = {

/* Begin PBXBuildFile section */
		B41638BC2CAD95590031FACC /* ScannerViewCoordinator.swift in Sources */ = {isa = PBXBuildFile; fileRef = B41638BB2CAD95590031FACC /* ScannerViewCoordinator.swift */; };
		B4163CE62CADE55E0031FACC /* Alert.swift in Sources */ = {isa = PBXBuildFile; fileRef = B4163CE52CADE55E0031FACC /* Alert.swift */; };
		B4163CE82CADE6060031FACC /* ScannerViewModel.swift in Sources */ = {isa = PBXBuildFile; fileRef = B4163CE72CADE6060031FACC /* ScannerViewModel.swift */; };
		B4D9B9B62CAAC901005F06A0 /* ScannerApp.swift in Sources */ = {isa = PBXBuildFile; fileRef = B4D9B9B52CAAC901005F06A0 /* ScannerApp.swift */; };
		B4D9B9B82CAAC901005F06A0 /* ScannerView.swift in Sources */ = {isa = PBXBuildFile; fileRef = B4D9B9B72CAAC901005F06A0 /* ScannerView.swift */; };
		B4D9B9BC2CAAC903005F06A0 /* Assets.xcassets in Resources */ = {isa = PBXBuildFile; fileRef = B4D9B9BB2CAAC903005F06A0 /* Assets.xcassets */; };
		B4D9B9BF2CAAC903005F06A0 /* Preview Assets.xcassets in Resources */ = {isa = PBXBuildFile; fileRef = B4D9B9BE2CAAC903005F06A0 /* Preview Assets.xcassets */; };
		B4D9B9C92CAAC903005F06A0 /* ScannerTests.swift in Sources */ = {isa = PBXBuildFile; fileRef = B4D9B9C82CAAC903005F06A0 /* ScannerTests.swift */; };
		B4D9B9D32CAAC903005F06A0 /* ScannerUITests.swift in Sources */ = {isa = PBXBuildFile; fileRef = B4D9B9D22CAAC903005F06A0 /* ScannerUITests.swift */; };
		B4D9B9D52CAAC903005F06A0 /* ScannerUITestsLaunchTests.swift in Sources */ = {isa = PBXBuildFile; fileRef = B4D9B9D42CAAC903005F06A0 /* ScannerUITestsLaunchTests.swift */; };
		B4D9B9E22CAACCCC005F06A0 /* ScannerVC.swift in Sources */ = {isa = PBXBuildFile; fileRef = B4D9B9E12CAACCCC005F06A0 /* ScannerVC.swift */; };
/* End PBXBuildFile section */

/* Begin PBXContainerItemProxy section */
		B4D9B9C52CAAC903005F06A0 /* PBXContainerItemProxy */ = {
			isa = PBXContainerItemProxy;
			containerPortal = B4D9B9AA2CAAC901005F06A0 /* Project object */;
			proxyType = 1;
			remoteGlobalIDString = B4D9B9B12CAAC901005F06A0;
			remoteInfo = Scanner;
		};
		B4D9B9CF2CAAC903005F06A0 /* PBXContainerItemProxy */ = {
			isa = PBXContainerItemProxy;
			containerPortal = B4D9B9AA2CAAC901005F06A0 /* Project object */;
			proxyType = 1;
			remoteGlobalIDString = B4D9B9B12CAAC901005F06A0;
			remoteInfo = Scanner;
		};
/* End PBXContainerItemProxy section */

/* Begin PBXFileReference section */
		B41638BB2CAD95590031FACC /* ScannerViewCoordinator.swift */ = {isa = PBXFileReference; lastKnownFileType = sourcecode.swift; path = ScannerViewCoordinator.swift; sourceTree = "<group>"; };
		B4163CE52CADE55E0031FACC /* Alert.swift */ = {isa = PBXFileReference; lastKnownFileType = sourcecode.swift; path = Alert.swift; sourceTree = "<group>"; };
		B4163CE72CADE6060031FACC /* ScannerViewModel.swift */ = {isa = PBXFileReference; lastKnownFileType = sourcecode.swift; path = ScannerViewModel.swift; sourceTree = "<group>"; };
		B4D9B9B22CAAC901005F06A0 /* Scanner.app */ = {isa = PBXFileReference; explicitFileType = wrapper.application; includeInIndex = 0; path = Scanner.app; sourceTree = BUILT_PRODUCTS_DIR; };
		B4D9B9B52CAAC901005F06A0 /* ScannerApp.swift */ = {isa = PBXFileReference; lastKnownFileType = sourcecode.swift; path = ScannerApp.swift; sourceTree = "<group>"; };
		B4D9B9B72CAAC901005F06A0 /* ScannerView.swift */ = {isa = PBXFileReference; lastKnownFileType = sourcecode.swift; path = ScannerView.swift; sourceTree = "<group>"; };
		B4D9B9BB2CAAC903005F06A0 /* Assets.xcassets */ = {isa = PBXFileReference; lastKnownFileType = folder.assetcatalog; path = Assets.xcassets; sourceTree = "<group>"; };
		B4D9B9BE2CAAC903005F06A0 /* Preview Assets.xcassets */ = {isa = PBXFileReference; lastKnownFileType = folder.assetcatalog; path = "Preview Assets.xcassets"; sourceTree = "<group>"; };
		B4D9B9C42CAAC903005F06A0 /* ScannerTests.xctest */ = {isa = PBXFileReference; explicitFileType = wrapper.cfbundle; includeInIndex = 0; path = ScannerTests.xctest; sourceTree = BUILT_PRODUCTS_DIR; };
		B4D9B9C82CAAC903005F06A0 /* ScannerTests.swift */ = {isa = PBXFileReference; lastKnownFileType = sourcecode.swift; path = ScannerTests.swift; sourceTree = "<group>"; };
		B4D9B9CE2CAAC903005F06A0 /* ScannerUITests.xctest */ = {isa = PBXFileReference; explicitFileType = wrapper.cfbundle; includeInIndex = 0; path = ScannerUITests.xctest; sourceTree = BUILT_PRODUCTS_DIR; };
		B4D9B9D22CAAC903005F06A0 /* ScannerUITests.swift */ = {isa = PBXFileReference; lastKnownFileType = sourcecode.swift; path = ScannerUITests.swift; sourceTree = "<group>"; };
		B4D9B9D42CAAC903005F06A0 /* ScannerUITestsLaunchTests.swift */ = {isa = PBXFileReference; lastKnownFileType = sourcecode.swift; path = ScannerUITestsLaunchTests.swift; sourceTree = "<group>"; };
		B4D9B9E12CAACCCC005F06A0 /* ScannerVC.swift */ = {isa = PBXFileReference; lastKnownFileType = sourcecode.swift; path = ScannerVC.swift; sourceTree = "<group>"; };
/* End PBXFileReference section */

/* Begin PBXFrameworksBuildPhase section */
		B4D9B9AF2CAAC901005F06A0 /* Frameworks */ = {
			isa = PBXFrameworksBuildPhase;
			buildActionMask = 2147483647;
			files = (
			);
			runOnlyForDeploymentPostprocessing = 0;
		};
		B4D9B9C12CAAC903005F06A0 /* Frameworks */ = {
			isa = PBXFrameworksBuildPhase;
			buildActionMask = 2147483647;
			files = (
			);
			runOnlyForDeploymentPostprocessing = 0;
		};
		B4D9B9CB2CAAC903005F06A0 /* Frameworks */ = {
			isa = PBXFrameworksBuildPhase;
			buildActionMask = 2147483647;
			files = (
			);
			runOnlyForDeploymentPostprocessing = 0;
		};
/* End PBXFrameworksBuildPhase section */

/* Begin PBXGroup section */
		B4163CE92CADE7B70031FACC /* Screens */ = {
			isa = PBXGroup;
			children = (
				B4163CEA2CADE7C20031FACC /* Scanner */,
			);
			path = Screens;
			sourceTree = "<group>";
		};
		B4163CEA2CADE7C20031FACC /* Scanner */ = {
			isa = PBXGroup;
			children = (
				B4D9B9B72CAAC901005F06A0 /* ScannerView.swift */,
				B4163CE72CADE6060031FACC /* ScannerViewModel.swift */,
			);
			path = Scanner;
			sourceTree = "<group>";
		};
		B4163CEB2CADE7EA0031FACC /* Views */ = {
			isa = PBXGroup;
			children = (
				B4163CEC2CADE7EF0031FACC /* UIKit Components */,
			);
			path = Views;
			sourceTree = "<group>";
		};
		B4163CEC2CADE7EF0031FACC /* UIKit Components */ = {
			isa = PBXGroup;
			children = (
				B41638BB2CAD95590031FACC /* ScannerViewCoordinator.swift */,
				B4D9B9E12CAACCCC005F06A0 /* ScannerVC.swift */,
			);
			path = "UIKit Components";
			sourceTree = "<group>";
		};
		B4163CED2CADE8510031FACC /* Utilities */ = {
			isa = PBXGroup;
			children = (
				B4163CE52CADE55E0031FACC /* Alert.swift */,
			);
			path = Utilities;
			sourceTree = "<group>";
		};
		B4D9B9A92CAAC901005F06A0 = {
			isa = PBXGroup;
			children = (
				B4D9B9B42CAAC901005F06A0 /* Scanner */,
				B4D9B9C72CAAC903005F06A0 /* ScannerTests */,
				B4D9B9D12CAAC903005F06A0 /* ScannerUITests */,
				B4D9B9B32CAAC901005F06A0 /* Products */,
			);
			sourceTree = "<group>";
		};
		B4D9B9B32CAAC901005F06A0 /* Products */ = {
			isa = PBXGroup;
			children = (
				B4D9B9B22CAAC901005F06A0 /* Scanner.app */,
				B4D9B9C42CAAC903005F06A0 /* ScannerTests.xctest */,
				B4D9B9CE2CAAC903005F06A0 /* ScannerUITests.xctest */,
			);
			name = Products;
			sourceTree = "<group>";
		};
		B4D9B9B42CAAC901005F06A0 /* Scanner */ = {
			isa = PBXGroup;
			children = (
				B4D9B9B52CAAC901005F06A0 /* ScannerApp.swift */,
				B4163CE92CADE7B70031FACC /* Screens */,
				B4163CED2CADE8510031FACC /* Utilities */,
				B4163CEB2CADE7EA0031FACC /* Views */,
				B4D9B9BB2CAAC903005F06A0 /* Assets.xcassets */,
				B4D9B9BD2CAAC903005F06A0 /* Preview Content */,
			);
			path = Scanner;
			sourceTree = "<group>";
		};
		B4D9B9BD2CAAC903005F06A0 /* Preview Content */ = {
			isa = PBXGroup;
			children = (
				B4D9B9BE2CAAC903005F06A0 /* Preview Assets.xcassets */,
			);
			path = "Preview Content";
			sourceTree = "<group>";
		};
		B4D9B9C72CAAC903005F06A0 /* ScannerTests */ = {
			isa = PBXGroup;
			children = (
				B4D9B9C82CAAC903005F06A0 /* ScannerTests.swift */,
			);
			path = ScannerTests;
			sourceTree = "<group>";
		};
		B4D9B9D12CAAC903005F06A0 /* ScannerUITests */ = {
			isa = PBXGroup;
			children = (
				B4D9B9D22CAAC903005F06A0 /* ScannerUITests.swift */,
				B4D9B9D42CAAC903005F06A0 /* ScannerUITestsLaunchTests.swift */,
			);
			path = ScannerUITests;
			sourceTree = "<group>";
		};
/* End PBXGroup section */

/* Begin PBXNativeTarget section */
		B4D9B9B12CAAC901005F06A0 /* Scanner */ = {
			isa = PBXNativeTarget;
			buildConfigurationList = B4D9B9D82CAAC903005F06A0 /* Build configuration list for PBXNativeTarget "Scanner" */;
			buildPhases = (
				B4D9B9AE2CAAC901005F06A0 /* Sources */,
				B4D9B9AF2CAAC901005F06A0 /* Frameworks */,
				B4D9B9B02CAAC901005F06A0 /* Resources */,
			);
			buildRules = (
			);
			dependencies = (
			);
			name = Scanner;
			productName = Scanner;
			productReference = B4D9B9B22CAAC901005F06A0 /* Scanner.app */;
			productType = "com.apple.product-type.application";
		};
		B4D9B9C32CAAC903005F06A0 /* ScannerTests */ = {
			isa = PBXNativeTarget;
			buildConfigurationList = B4D9B9DB2CAAC903005F06A0 /* Build configuration list for PBXNativeTarget "ScannerTests" */;
			buildPhases = (
				B4D9B9C02CAAC903005F06A0 /* Sources */,
				B4D9B9C12CAAC903005F06A0 /* Frameworks */,
				B4D9B9C22CAAC903005F06A0 /* Resources */,
			);
			buildRules = (
			);
			dependencies = (
				B4D9B9C62CAAC903005F06A0 /* PBXTargetDependency */,
			);
			name = ScannerTests;
			productName = ScannerTests;
			productReference = B4D9B9C42CAAC903005F06A0 /* ScannerTests.xctest */;
			productType = "com.apple.product-type.bundle.unit-test";
		};
		B4D9B9CD2CAAC903005F06A0 /* ScannerUITests */ = {
			isa = PBXNativeTarget;
			buildConfigurationList = B4D9B9DE2CAAC903005F06A0 /* Build configuration list for PBXNativeTarget "ScannerUITests" */;
			buildPhases = (
				B4D9B9CA2CAAC903005F06A0 /* Sources */,
				B4D9B9CB2CAAC903005F06A0 /* Frameworks */,
				B4D9B9CC2CAAC903005F06A0 /* Resources */,
			);
			buildRules = (
			);
			dependencies = (
				B4D9B9D02CAAC903005F06A0 /* PBXTargetDependency */,
			);
			name = ScannerUITests;
			productName = ScannerUITests;
			productReference = B4D9B9CE2CAAC903005F06A0 /* ScannerUITests.xctest */;
			productType = "com.apple.product-type.bundle.ui-testing";
		};
/* End PBXNativeTarget section */

/* Begin PBXProject section */
		B4D9B9AA2CAAC901005F06A0 /* Project object */ = {
			isa = PBXProject;
			attributes = {
				BuildIndependentTargetsInParallel = 1;
				LastSwiftUpdateCheck = 1520;
				LastUpgradeCheck = 1520;
				TargetAttributes = {
					B4D9B9B12CAAC901005F06A0 = {
						CreatedOnToolsVersion = 15.2;
					};
					B4D9B9C32CAAC903005F06A0 = {
						CreatedOnToolsVersion = 15.2;
						TestTargetID = B4D9B9B12CAAC901005F06A0;
					};
					B4D9B9CD2CAAC903005F06A0 = {
						CreatedOnToolsVersion = 15.2;
						TestTargetID = B4D9B9B12CAAC901005F06A0;
					};
				};
			};
			buildConfigurationList = B4D9B9AD2CAAC901005F06A0 /* Build configuration list for PBXProject "Scanner" */;
			compatibilityVersion = "Xcode 14.0";
			developmentRegion = en;
			hasScannedForEncodings = 0;
			knownRegions = (
				en,
				Base,
			);
			mainGroup = B4D9B9A92CAAC901005F06A0;
			productRefGroup = B4D9B9B32CAAC901005F06A0 /* Products */;
			projectDirPath = "";
			projectRoot = "";
			targets = (
				B4D9B9B12CAAC901005F06A0 /* Scanner */,
				B4D9B9C32CAAC903005F06A0 /* ScannerTests */,
				B4D9B9CD2CAAC903005F06A0 /* ScannerUITests */,
			);
		};
/* End PBXProject section */

/* Begin PBXResourcesBuildPhase section */
		B4D9B9B02CAAC901005F06A0 /* Resources */ = {
			isa = PBXResourcesBuildPhase;
			buildActionMask = 2147483647;
			files = (
				B4D9B9BF2CAAC903005F06A0 /* Preview Assets.xcassets in Resources */,
				B4D9B9BC2CAAC903005F06A0 /* Assets.xcassets in Resources */,
			);
			runOnlyForDeploymentPostprocessing = 0;
		};
		B4D9B9C22CAAC903005F06A0 /* Resources */ = {
			isa = PBXResourcesBuildPhase;
			buildActionMask = 2147483647;
			files = (
			);
			runOnlyForDeploymentPostprocessing = 0;
		};
		B4D9B9CC2CAAC903005F06A0 /* Resources */ = {
			isa = PBXResourcesBuildPhase;
			buildActionMask = 2147483647;
			files = (
			);
			runOnlyForDeploymentPostprocessing = 0;
		};
/* End PBXResourcesBuildPhase section */

/* Begin PBXSourcesBuildPhase section */
		B4D9B9AE2CAAC901005F06A0 /* Sources */ = {
			isa = PBXSourcesBuildPhase;
			buildActionMask = 2147483647;
			files = (
				B4163CE82CADE6060031FACC /* ScannerViewModel.swift in Sources */,
				B4163CE62CADE55E0031FACC /* Alert.swift in Sources */,
				B4D9B9B82CAAC901005F06A0 /* ScannerView.swift in Sources */,
				B4D9B9E22CAACCCC005F06A0 /* ScannerVC.swift in Sources */,
				B41638BC2CAD95590031FACC /* ScannerViewCoordinator.swift in Sources */,
				B4D9B9B62CAAC901005F06A0 /* ScannerApp.swift in Sources */,
			);
			runOnlyForDeploymentPostprocessing = 0;
		};
		B4D9B9C02CAAC903005F06A0 /* Sources */ = {
			isa = PBXSourcesBuildPhase;
			buildActionMask = 2147483647;
			files = (
				B4D9B9C92CAAC903005F06A0 /* ScannerTests.swift in Sources */,
			);
			runOnlyForDeploymentPostprocessing = 0;
		};
		B4D9B9CA2CAAC903005F06A0 /* Sources */ = {
			isa = PBXSourcesBuildPhase;
			buildActionMask = 2147483647;
			files = (
				B4D9B9D32CAAC903005F06A0 /* ScannerUITests.swift in Sources */,
				B4D9B9D52CAAC903005F06A0 /* ScannerUITestsLaunchTests.swift in Sources */,
			);
			runOnlyForDeploymentPostprocessing = 0;
		};
/* End PBXSourcesBuildPhase section */

/* Begin PBXTargetDependency section */
		B4D9B9C62CAAC903005F06A0 /* PBXTargetDependency */ = {
			isa = PBXTargetDependency;
			target = B4D9B9B12CAAC901005F06A0 /* Scanner */;
			targetProxy = B4D9B9C52CAAC903005F06A0 /* PBXContainerItemProxy */;
		};
		B4D9B9D02CAAC903005F06A0 /* PBXTargetDependency */ = {
			isa = PBXTargetDependency;
			target = B4D9B9B12CAAC901005F06A0 /* Scanner */;
			targetProxy = B4D9B9CF2CAAC903005F06A0 /* PBXContainerItemProxy */;
		};
/* End PBXTargetDependency section */

/* Begin XCBuildConfiguration section */
		B4D9B9D62CAAC903005F06A0 /* Debug */ = {
			isa = XCBuildConfiguration;
			buildSettings = {
				ALWAYS_SEARCH_USER_PATHS = NO;
				ASSETCATALOG_COMPILER_GENERATE_SWIFT_ASSET_SYMBOL_EXTENSIONS = YES;
				CLANG_ANALYZER_NONNULL = YES;
				CLANG_ANALYZER_NUMBER_OBJECT_CONVERSION = YES_AGGRESSIVE;
				CLANG_CXX_LANGUAGE_STANDARD = "gnu++20";
				CLANG_ENABLE_MODULES = YES;
				CLANG_ENABLE_OBJC_ARC = YES;
				CLANG_ENABLE_OBJC_WEAK = YES;
				CLANG_WARN_BLOCK_CAPTURE_AUTORELEASING = YES;
				CLANG_WARN_BOOL_CONVERSION = YES;
				CLANG_WARN_COMMA = YES;
				CLANG_WARN_CONSTANT_CONVERSION = YES;
				CLANG_WARN_DEPRECATED_OBJC_IMPLEMENTATIONS = YES;
				CLANG_WARN_DIRECT_OBJC_ISA_USAGE = YES_ERROR;
				CLANG_WARN_DOCUMENTATION_COMMENTS = YES;
				CLANG_WARN_EMPTY_BODY = YES;
				CLANG_WARN_ENUM_CONVERSION = YES;
				CLANG_WARN_INFINITE_RECURSION = YES;
				CLANG_WARN_INT_CONVERSION = YES;
				CLANG_WARN_NON_LITERAL_NULL_CONVERSION = YES;
				CLANG_WARN_OBJC_IMPLICIT_RETAIN_SELF = YES;
				CLANG_WARN_OBJC_LITERAL_CONVERSION = YES;
				CLANG_WARN_OBJC_ROOT_CLASS = YES_ERROR;
				CLANG_WARN_QUOTED_INCLUDE_IN_FRAMEWORK_HEADER = YES;
				CLANG_WARN_RANGE_LOOP_ANALYSIS = YES;
				CLANG_WARN_STRICT_PROTOTYPES = YES;
				CLANG_WARN_SUSPICIOUS_MOVE = YES;
				CLANG_WARN_UNGUARDED_AVAILABILITY = YES_AGGRESSIVE;
				CLANG_WARN_UNREACHABLE_CODE = YES;
				CLANG_WARN__DUPLICATE_METHOD_MATCH = YES;
				COPY_PHASE_STRIP = NO;
				DEBUG_INFORMATION_FORMAT = dwarf;
				ENABLE_STRICT_OBJC_MSGSEND = YES;
				ENABLE_TESTABILITY = YES;
				ENABLE_USER_SCRIPT_SANDBOXING = YES;
				GCC_C_LANGUAGE_STANDARD = gnu17;
				GCC_DYNAMIC_NO_PIC = NO;
				GCC_NO_COMMON_BLOCKS = YES;
				GCC_OPTIMIZATION_LEVEL = 0;
				GCC_PREPROCESSOR_DEFINITIONS = (
					"DEBUG=1",
					"$(inherited)",
				);
				GCC_WARN_64_TO_32_BIT_CONVERSION = YES;
				GCC_WARN_ABOUT_RETURN_TYPE = YES_ERROR;
				GCC_WARN_UNDECLARED_SELECTOR = YES;
				GCC_WARN_UNINITIALIZED_AUTOS = YES_AGGRESSIVE;
				GCC_WARN_UNUSED_FUNCTION = YES;
				GCC_WARN_UNUSED_VARIABLE = YES;
				IPHONEOS_DEPLOYMENT_TARGET = 17.2;
				LOCALIZATION_PREFERS_STRING_CATALOGS = YES;
				MTL_ENABLE_DEBUG_INFO = INCLUDE_SOURCE;
				MTL_FAST_MATH = YES;
				ONLY_ACTIVE_ARCH = YES;
				SDKROOT = iphoneos;
				SWIFT_ACTIVE_COMPILATION_CONDITIONS = "DEBUG $(inherited)";
				SWIFT_OPTIMIZATION_LEVEL = "-Onone";
			};
			name = Debug;
		};
		B4D9B9D72CAAC903005F06A0 /* Release */ = {
			isa = XCBuildConfiguration;
			buildSettings = {
				ALWAYS_SEARCH_USER_PATHS = NO;
				ASSETCATALOG_COMPILER_GENERATE_SWIFT_ASSET_SYMBOL_EXTENSIONS = YES;
				CLANG_ANALYZER_NONNULL = YES;
				CLANG_ANALYZER_NUMBER_OBJECT_CONVERSION = YES_AGGRESSIVE;
				CLANG_CXX_LANGUAGE_STANDARD = "gnu++20";
				CLANG_ENABLE_MODULES = YES;
				CLANG_ENABLE_OBJC_ARC = YES;
				CLANG_ENABLE_OBJC_WEAK = YES;
				CLANG_WARN_BLOCK_CAPTURE_AUTORELEASING = YES;
				CLANG_WARN_BOOL_CONVERSION = YES;
				CLANG_WARN_COMMA = YES;
				CLANG_WARN_CONSTANT_CONVERSION = YES;
				CLANG_WARN_DEPRECATED_OBJC_IMPLEMENTATIONS = YES;
				CLANG_WARN_DIRECT_OBJC_ISA_USAGE = YES_ERROR;
				CLANG_WARN_DOCUMENTATION_COMMENTS = YES;
				CLANG_WARN_EMPTY_BODY = YES;
				CLANG_WARN_ENUM_CONVERSION = YES;
				CLANG_WARN_INFINITE_RECURSION = YES;
				CLANG_WARN_INT_CONVERSION = YES;
				CLANG_WARN_NON_LITERAL_NULL_CONVERSION = YES;
				CLANG_WARN_OBJC_IMPLICIT_RETAIN_SELF = YES;
				CLANG_WARN_OBJC_LITERAL_CONVERSION = YES;
				CLANG_WARN_OBJC_ROOT_CLASS = YES_ERROR;
				CLANG_WARN_QUOTED_INCLUDE_IN_FRAMEWORK_HEADER = YES;
				CLANG_WARN_RANGE_LOOP_ANALYSIS = YES;
				CLANG_WARN_STRICT_PROTOTYPES = YES;
				CLANG_WARN_SUSPICIOUS_MOVE = YES;
				CLANG_WARN_UNGUARDED_AVAILABILITY = YES_AGGRESSIVE;
				CLANG_WARN_UNREACHABLE_CODE = YES;
				CLANG_WARN__DUPLICATE_METHOD_MATCH = YES;
				COPY_PHASE_STRIP = NO;
				DEBUG_INFORMATION_FORMAT = "dwarf-with-dsym";
				ENABLE_NS_ASSERTIONS = NO;
				ENABLE_STRICT_OBJC_MSGSEND = YES;
				ENABLE_USER_SCRIPT_SANDBOXING = YES;
				GCC_C_LANGUAGE_STANDARD = gnu17;
				GCC_NO_COMMON_BLOCKS = YES;
				GCC_WARN_64_TO_32_BIT_CONVERSION = YES;
				GCC_WARN_ABOUT_RETURN_TYPE = YES_ERROR;
				GCC_WARN_UNDECLARED_SELECTOR = YES;
				GCC_WARN_UNINITIALIZED_AUTOS = YES_AGGRESSIVE;
				GCC_WARN_UNUSED_FUNCTION = YES;
				GCC_WARN_UNUSED_VARIABLE = YES;
				IPHONEOS_DEPLOYMENT_TARGET = 17.2;
				LOCALIZATION_PREFERS_STRING_CATALOGS = YES;
				MTL_ENABLE_DEBUG_INFO = NO;
				MTL_FAST_MATH = YES;
				SDKROOT = iphoneos;
				SWIFT_COMPILATION_MODE = wholemodule;
				VALIDATE_PRODUCT = YES;
			};
			name = Release;
		};
		B4D9B9D92CAAC903005F06A0 /* Debug */ = {
			isa = XCBuildConfiguration;
			buildSettings = {
				ASSETCATALOG_COMPILER_APPICON_NAME = AppIcon;
				ASSETCATALOG_COMPILER_GLOBAL_ACCENT_COLOR_NAME = AccentColor;
				CODE_SIGN_STYLE = Automatic;
				CURRENT_PROJECT_VERSION = 1;
				DEVELOPMENT_ASSET_PATHS = "\"Scanner/Preview Content\"";
				DEVELOPMENT_TEAM = 7JXND92GUH;
				ENABLE_PREVIEWS = YES;
				GENERATE_INFOPLIST_FILE = YES;
				INFOPLIST_KEY_NSCameraUsageDescription = "We need to use the camera to scan barcodes";
				INFOPLIST_KEY_UIApplicationSceneManifest_Generation = YES;
				INFOPLIST_KEY_UIApplicationSupportsIndirectInputEvents = YES;
				INFOPLIST_KEY_UILaunchScreen_Generation = YES;
				INFOPLIST_KEY_UISupportedInterfaceOrientations_iPad = "UIInterfaceOrientationPortrait UIInterfaceOrientationPortraitUpsideDown UIInterfaceOrientationLandscapeLeft UIInterfaceOrientationLandscapeRight";
				INFOPLIST_KEY_UISupportedInterfaceOrientations_iPhone = "UIInterfaceOrientationPortrait UIInterfaceOrientationLandscapeLeft UIInterfaceOrientationLandscapeRight";
				LD_RUNPATH_SEARCH_PATHS = (
					"$(inherited)",
					"@executable_path/Frameworks",
				);
				MARKETING_VERSION = 1.0;
				PRODUCT_BUNDLE_IDENTIFIER = com.stein.Scanner;
				PRODUCT_NAME = "$(TARGET_NAME)";
				SWIFT_EMIT_LOC_STRINGS = YES;
				SWIFT_VERSION = 5.0;
				TARGETED_DEVICE_FAMILY = "1,2";
			};
			name = Debug;
		};
		B4D9B9DA2CAAC903005F06A0 /* Release */ = {
			isa = XCBuildConfiguration;
			buildSettings = {
				ASSETCATALOG_COMPILER_APPICON_NAME = AppIcon;
				ASSETCATALOG_COMPILER_GLOBAL_ACCENT_COLOR_NAME = AccentColor;
				CODE_SIGN_STYLE = Automatic;
				CURRENT_PROJECT_VERSION = 1;
				DEVELOPMENT_ASSET_PATHS = "\"Scanner/Preview Content\"";
				DEVELOPMENT_TEAM = 7JXND92GUH;
				ENABLE_PREVIEWS = YES;
				GENERATE_INFOPLIST_FILE = YES;
				INFOPLIST_KEY_NSCameraUsageDescription = "We need to use the camera to scan barcodes";
				INFOPLIST_KEY_UIApplicationSceneManifest_Generation = YES;
				INFOPLIST_KEY_UIApplicationSupportsIndirectInputEvents = YES;
				INFOPLIST_KEY_UILaunchScreen_Generation = YES;
				INFOPLIST_KEY_UISupportedInterfaceOrientations_iPad = "UIInterfaceOrientationPortrait UIInterfaceOrientationPortraitUpsideDown UIInterfaceOrientationLandscapeLeft UIInterfaceOrientationLandscapeRight";
				INFOPLIST_KEY_UISupportedInterfaceOrientations_iPhone = "UIInterfaceOrientationPortrait UIInterfaceOrientationLandscapeLeft UIInterfaceOrientationLandscapeRight";
				LD_RUNPATH_SEARCH_PATHS = (
					"$(inherited)",
					"@executable_path/Frameworks",
				);
				MARKETING_VERSION = 1.0;
				PRODUCT_BUNDLE_IDENTIFIER = com.stein.Scanner;
				PRODUCT_NAME = "$(TARGET_NAME)";
				SWIFT_EMIT_LOC_STRINGS = YES;
				SWIFT_VERSION = 5.0;
				TARGETED_DEVICE_FAMILY = "1,2";
			};
			name = Release;
		};
		B4D9B9DC2CAAC903005F06A0 /* Debug */ = {
			isa = XCBuildConfiguration;
			buildSettings = {
				ALWAYS_EMBED_SWIFT_STANDARD_LIBRARIES = YES;
				BUNDLE_LOADER = "$(TEST_HOST)";
				CODE_SIGN_STYLE = Automatic;
				CURRENT_PROJECT_VERSION = 1;
				DEVELOPMENT_TEAM = 7JXND92GUH;
				GENERATE_INFOPLIST_FILE = YES;
				IPHONEOS_DEPLOYMENT_TARGET = 17.2;
				MARKETING_VERSION = 1.0;
				PRODUCT_BUNDLE_IDENTIFIER = com.stein.ScannerTests;
				PRODUCT_NAME = "$(TARGET_NAME)";
				SWIFT_EMIT_LOC_STRINGS = NO;
				SWIFT_VERSION = 5.0;
				TARGETED_DEVICE_FAMILY = "1,2";
				TEST_HOST = "$(BUILT_PRODUCTS_DIR)/Scanner.app/$(BUNDLE_EXECUTABLE_FOLDER_PATH)/Scanner";
			};
			name = Debug;
		};
		B4D9B9DD2CAAC903005F06A0 /* Release */ = {
			isa = XCBuildConfiguration;
			buildSettings = {
				ALWAYS_EMBED_SWIFT_STANDARD_LIBRARIES = YES;
				BUNDLE_LOADER = "$(TEST_HOST)";
				CODE_SIGN_STYLE = Automatic;
				CURRENT_PROJECT_VERSION = 1;
				DEVELOPMENT_TEAM = 7JXND92GUH;
				GENERATE_INFOPLIST_FILE = YES;
				IPHONEOS_DEPLOYMENT_TARGET = 17.2;
				MARKETING_VERSION = 1.0;
				PRODUCT_BUNDLE_IDENTIFIER = com.stein.ScannerTests;
				PRODUCT_NAME = "$(TARGET_NAME)";
				SWIFT_EMIT_LOC_STRINGS = NO;
				SWIFT_VERSION = 5.0;
				TARGETED_DEVICE_FAMILY = "1,2";
				TEST_HOST = "$(BUILT_PRODUCTS_DIR)/Scanner.app/$(BUNDLE_EXECUTABLE_FOLDER_PATH)/Scanner";
			};
			name = Release;
		};
		B4D9B9DF2CAAC903005F06A0 /* Debug */ = {
			isa = XCBuildConfiguration;
			buildSettings = {
				ALWAYS_EMBED_SWIFT_STANDARD_LIBRARIES = YES;
				CODE_SIGN_STYLE = Automatic;
				CURRENT_PROJECT_VERSION = 1;
				DEVELOPMENT_TEAM = 7JXND92GUH;
				GENERATE_INFOPLIST_FILE = YES;
				MARKETING_VERSION = 1.0;
				PRODUCT_BUNDLE_IDENTIFIER = com.stein.ScannerUITests;
				PRODUCT_NAME = "$(TARGET_NAME)";
				SWIFT_EMIT_LOC_STRINGS = NO;
				SWIFT_VERSION = 5.0;
				TARGETED_DEVICE_FAMILY = "1,2";
				TEST_TARGET_NAME = Scanner;
			};
			name = Debug;
		};
		B4D9B9E02CAAC903005F06A0 /* Release */ = {
			isa = XCBuildConfiguration;
			buildSettings = {
				ALWAYS_EMBED_SWIFT_STANDARD_LIBRARIES = YES;
				CODE_SIGN_STYLE = Automatic;
				CURRENT_PROJECT_VERSION = 1;
				DEVELOPMENT_TEAM = 7JXND92GUH;
				GENERATE_INFOPLIST_FILE = YES;
				MARKETING_VERSION = 1.0;
				PRODUCT_BUNDLE_IDENTIFIER = com.stein.ScannerUITests;
				PRODUCT_NAME = "$(TARGET_NAME)";
				SWIFT_EMIT_LOC_STRINGS = NO;
				SWIFT_VERSION = 5.0;
				TARGETED_DEVICE_FAMILY = "1,2";
				TEST_TARGET_NAME = Scanner;
			};
			name = Release;
		};
/* End XCBuildConfiguration section */

/* Begin XCConfigurationList section */
		B4D9B9AD2CAAC901005F06A0 /* Build configuration list for PBXProject "Scanner" */ = {
			isa = XCConfigurationList;
			buildConfigurations = (
				B4D9B9D62CAAC903005F06A0 /* Debug */,
				B4D9B9D72CAAC903005F06A0 /* Release */,
			);
			defaultConfigurationIsVisible = 0;
			defaultConfigurationName = Release;
		};
		B4D9B9D82CAAC903005F06A0 /* Build configuration list for PBXNativeTarget "Scanner" */ = {
			isa = XCConfigurationList;
			buildConfigurations = (
				B4D9B9D92CAAC903005F06A0 /* Debug */,
				B4D9B9DA2CAAC903005F06A0 /* Release */,
			);
			defaultConfigurationIsVisible = 0;
			defaultConfigurationName = Release;
		};
		B4D9B9DB2CAAC903005F06A0 /* Build configuration list for PBXNativeTarget "ScannerTests" */ = {
			isa = XCConfigurationList;
			buildConfigurations = (
				B4D9B9DC2CAAC903005F06A0 /* Debug */,
				B4D9B9DD2CAAC903005F06A0 /* Release */,
			);
			defaultConfigurationIsVisible = 0;
			defaultConfigurationName = Release;
		};
		B4D9B9DE2CAAC903005F06A0 /* Build configuration list for PBXNativeTarget "ScannerUITests" */ = {
			isa = XCConfigurationList;
			buildConfigurations = (
				B4D9B9DF2CAAC903005F06A0 /* Debug */,
				B4D9B9E02CAAC903005F06A0 /* Release */,
			);
			defaultConfigurationIsVisible = 0;
			defaultConfigurationName = Release;
		};
/* End XCConfigurationList section */
	};
	rootObject = B4D9B9AA2CAAC901005F06A0 /* Project object */;
}
